
Microsoft Visual Studio Solution File, Format Version 12.00
# Visual Studio 15
VisualStudioVersion = 15.0.28307.421
MinimumVisualStudioVersion = 10.0.40219.1
Project("{FAE04EC0-301F-11D3-BF4B-00C04F79EFBC}") = "EquazioniLibrary", "EquazioniLibrary\EquazioniLibrary.csproj", "{D8F4F354-A940-40A7-B4A6-8F8BCFBC89F1}"
EndProject
Project("{FAE04EC0-301F-11D3-BF4B-00C04F79EFBC}") = "EquazioniLibrary.Test", "EquazioniLibrary.Test\EquazioniLibrary.Test.csproj", "{7FA7BCD8-1D28-43EE-8365-E78133040796}"
EndProject
Global
	GlobalSection(SolutionConfigurationPlatforms) = preSolution
		Debug|Any CPU = Debug|Any CPU
		Release|Any CPU = Release|Any CPU
	EndGlobalSection
	GlobalSection(ProjectConfigurationPlatforms) = postSolution
		{D8F4F354-A940-40A7-B4A6-8F8BCFBC89F1}.Debug|Any CPU.ActiveCfg = Debug|Any CPU
		{D8F4F354-A940-40A7-B4A6-8F8BCFBC89F1}.Debug|Any CPU.Build.0 = Debug|Any CPU
		{D8F4F354-A940-40A7-B4A6-8F8BCFBC89F1}.Release|Any CPU.ActiveCfg = Release|Any CPU
		{D8F4F354-A940-40A7-B4A6-8F8BCFBC89F1}.Release|Any CPU.Build.0 = Release|Any CPU
		{7FA7BCD8-1D28-43EE-8365-E78133040796}.Debug|Any CPU.ActiveCfg = Debug|Any CPU
		{7FA7BCD8-1D28-43EE-8365-E78133040796}.Debug|Any CPU.Build.0 = Debug|Any CPU
		{7FA7BCD8-1D28-43EE-8365-E78133040796}.Release|Any CPU.ActiveCfg = Release|Any CPU
		{7FA7BCD8-1D28-43EE-8365-E78133040796}.Release|Any CPU.Build.0 = Release|Any CPU
	EndGlobalSection
	GlobalSection(SolutionProperties) = preSolution
		HideSolutionNode = FALSE
	EndGlobalSection
	GlobalSection(ExtensibilityGlobals) = postSolution
		SolutionGuid = {38124B62-A35A-4B41-87F6-5AD7C9E3C5EC}
	EndGlobalSection
EndGlobal
